
Microsoft Visual Studio Solution File, Format Version 12.00
# Visual Studio 2013
VisualStudioVersion = 12.0.31101.0
MinimumVisualStudioVersion = 10.0.40219.1
Project("{FAE04EC0-301F-11D3-BF4B-00C04F79EFBC}") = "WpDxBandSample", "WpDxBandSample\WpDxBandSample.csproj", "{60C84EA5-978E-4480-A765-6037BB406420}"
EndProject
Project("{8BC9CEB8-8B4A-11D0-8D11-00A0C91BC942}") = "WpDxBandSampleNative", "WpDxBandSampleNative\WpDxBandSampleNative.vcxproj", "{5AD16B4B-5D22-494E-8B1B-D103044F4FD8}"
EndProject
Global
	GlobalSection(SolutionConfigurationPlatforms) = preSolution
		Debug|Any CPU = Debug|Any CPU
		Debug|ARM = Debug|ARM
		Debug|Mixed Platforms = Debug|Mixed Platforms
		Debug|Win32 = Debug|Win32
		Debug|x86 = Debug|x86
		Release|Any CPU = Release|Any CPU
		Release|ARM = Release|ARM
		Release|Mixed Platforms = Release|Mixed Platforms
		Release|Win32 = Release|Win32
		Release|x86 = Release|x86
	EndGlobalSection
	GlobalSection(ProjectConfigurationPlatforms) = postSolution
		{60C84EA5-978E-4480-A765-6037BB406420}.Debug|Any CPU.ActiveCfg = Debug|Any CPU
		{60C84EA5-978E-4480-A765-6037BB406420}.Debug|Any CPU.Build.0 = Debug|Any CPU
		{60C84EA5-978E-4480-A765-6037BB406420}.Debug|Any CPU.Deploy.0 = Debug|Any CPU
		{60C84EA5-978E-4480-A765-6037BB406420}.Debug|ARM.ActiveCfg = Debug|ARM
		{60C84EA5-978E-4480-A765-6037BB406420}.Debug|ARM.Build.0 = Debug|ARM
		{60C84EA5-978E-4480-A765-6037BB406420}.Debug|ARM.Deploy.0 = Debug|ARM
		{60C84EA5-978E-4480-A765-6037BB406420}.Debug|Mixed Platforms.ActiveCfg = Debug|ARM
		{60C84EA5-978E-4480-A765-6037BB406420}.Debug|Mixed Platforms.Build.0 = Debug|ARM
		{60C84EA5-978E-4480-A765-6037BB406420}.Debug|Mixed Platforms.Deploy.0 = Debug|ARM
		{60C84EA5-978E-4480-A765-6037BB406420}.Debug|Win32.ActiveCfg = Debug|x86
		{60C84EA5-978E-4480-A765-6037BB406420}.Debug|Win32.Build.0 = Debug|x86
		{60C84EA5-978E-4480-A765-6037BB406420}.Debug|Win32.Deploy.0 = Debug|x86
		{60C84EA5-978E-4480-A765-6037BB406420}.Debug|x86.ActiveCfg = Debug|x86
		{60C84EA5-978E-4480-A765-6037BB406420}.Debug|x86.Build.0 = Debug|x86
		{60C84EA5-978E-4480-A765-6037BB406420}.Debug|x86.Deploy.0 = Debug|x86
		{60C84EA5-978E-4480-A765-6037BB406420}.Release|Any CPU.ActiveCfg = Release|Any CPU
		{60C84EA5-978E-4480-A765-6037BB406420}.Release|Any CPU.Build.0 = Release|Any CPU
		{60C84EA5-978E-4480-A765-6037BB406420}.Release|Any CPU.Deploy.0 = Release|Any CPU
		{60C84EA5-978E-4480-A765-6037BB406420}.Release|ARM.ActiveCfg = Release|ARM
		{60C84EA5-978E-4480-A765-6037BB406420}.Release|ARM.Build.0 = Release|ARM
		{60C84EA5-978E-4480-A765-6037BB406420}.Release|ARM.Deploy.0 = Release|ARM
		{60C84EA5-978E-4480-A765-6037BB406420}.Release|Mixed Platforms.ActiveCfg = Release|x86
		{60C84EA5-978E-4480-A765-6037BB406420}.Release|Mixed Platforms.Build.0 = Release|x86
		{60C84EA5-978E-4480-A765-6037BB406420}.Release|Mixed Platforms.Deploy.0 = Release|x86
		{60C84EA5-978E-4480-A765-6037BB406420}.Release|Win32.ActiveCfg = Release|x86
		{60C84EA5-978E-4480-A765-6037BB406420}.Release|Win32.Build.0 = Release|x86
		{60C84EA5-978E-4480-A765-6037BB406420}.Release|Win32.Deploy.0 = Release|x86
		{60C84EA5-978E-4480-A765-6037BB406420}.Release|x86.ActiveCfg = Release|x86
		{60C84EA5-978E-4480-A765-6037BB406420}.Release|x86.Build.0 = Release|x86
		{60C84EA5-978E-4480-A765-6037BB406420}.Release|x86.Deploy.0 = Release|x86
		{5AD16B4B-5D22-494E-8B1B-D103044F4FD8}.Debug|Any CPU.ActiveCfg = Debug|Win32
		{5AD16B4B-5D22-494E-8B1B-D103044F4FD8}.Debug|ARM.ActiveCfg = Debug|ARM
		{5AD16B4B-5D22-494E-8B1B-D103044F4FD8}.Debug|ARM.Build.0 = Debug|ARM
		{5AD16B4B-5D22-494E-8B1B-D103044F4FD8}.Debug|Mixed Platforms.ActiveCfg = Debug|ARM
		{5AD16B4B-5D22-494E-8B1B-D103044F4FD8}.Debug|Mixed Platforms.Build.0 = Debug|ARM
		{5AD16B4B-5D22-494E-8B1B-D103044F4FD8}.Debug|Win32.ActiveCfg = Debug|Win32
		{5AD16B4B-5D22-494E-8B1B-D103044F4FD8}.Debug|Win32.Build.0 = Debug|Win32
		{5AD16B4B-5D22-494E-8B1B-D103044F4FD8}.Debug|x86.ActiveCfg = Debug|Win32
		{5AD16B4B-5D22-494E-8B1B-D103044F4FD8}.Debug|x86.Build.0 = Debug|Win32
		{5AD16B4B-5D22-494E-8B1B-D103044F4FD8}.Release|Any CPU.ActiveCfg = Release|Win32
		{5AD16B4B-5D22-494E-8B1B-D103044F4FD8}.Release|ARM.ActiveCfg = Release|ARM
		{5AD16B4B-5D22-494E-8B1B-D103044F4FD8}.Release|ARM.Build.0 = Release|ARM
		{5AD16B4B-5D22-494E-8B1B-D103044F4FD8}.Release|Mixed Platforms.ActiveCfg = Release|Win32
		{5AD16B4B-5D22-494E-8B1B-D103044F4FD8}.Release|Mixed Platforms.Build.0 = Release|Win32
		{5AD16B4B-5D22-494E-8B1B-D103044F4FD8}.Release|Win32.ActiveCfg = Release|Win32
		{5AD16B4B-5D22-494E-8B1B-D103044F4FD8}.Release|Win32.Build.0 = Release|Win32
		{5AD16B4B-5D22-494E-8B1B-D103044F4FD8}.Release|x86.ActiveCfg = Release|Win32
		{5AD16B4B-5D22-494E-8B1B-D103044F4FD8}.Release|x86.Build.0 = Release|Win32
	EndGlobalSection
	GlobalSection(SolutionProperties) = preSolution
		HideSolutionNode = FALSE
	EndGlobalSection
EndGlobal
