<?xml version="1.0" encoding="utf-8"?>
<Project ToolsVersion="12.0" xmlns="http://schemas.microsoft.com/developer/msbuild/2003">
  <ItemGroup>
    <Filter Include="Resources">
      <UniqueIdentifier>d5b358a0-54fc-49f0-94a9-42322adedf86</UniqueIdentifier>
      <Extensions>rc;ico;cur;bmp;dlg;rc2;rct;bin;rgs;gif;jpg;jpeg;jpe;resx;tga;tiff;tif;png;wav;mfcribbon-ms</Extensions>
    </Filter>
  </ItemGroup>
  <ItemGroup>
    <ClCompile Include="pch.cpp" />
    <ClCompile Include="DirectXPanelBase.cpp" />
    <ClCompile Include="D3DPanel.cpp" />
  </ItemGroup>
  <ItemGroup>
    <ClInclude Include="pch.h" />
    <ClInclude Include="StepTimer.h" />
    <ClInclude Include="ShaderStructures.h" />
    <ClInclude Include="DirectXPanelBase.h" />
    <ClInclude Include="D3DPanel.h" />
    <ClInclude Include="DirectXHelper.h" />
  </ItemGroup>
  <ItemGroup>
    <FxCompile Include="SimplePixelShader.hlsl" />
    <FxCompile Include="SimpleVertexShader.hlsl" />
    <FxCompile Include="WhitePixelShader.hlsl" />
  </ItemGroup>
</Project>